// !$*UTF8*$!
{
	archiveVersion = 1;
	classes = {
	};
	objectVersion = 56;
	objects = {

/* Begin PBXBuildFile section */
		02A18DB22B0D89580010F233 /* ChatsCell.swift in Sources */ = {isa = PBXBuildFile; fileRef = 02A18DB12B0D89580010F233 /* ChatsCell.swift */; };
		02A18DB42B0D8D940010F233 /* NewMessageView.swift in Sources */ = {isa = PBXBuildFile; fileRef = 02A18DB32B0D8D940010F233 /* NewMessageView.swift */; };
		02A18DB72B0DCC7C0010F233 /* ChatView.swift in Sources */ = {isa = PBXBuildFile; fileRef = 02A18DB62B0DCC7C0010F233 /* ChatView.swift */; };
		02A18DBA2B0DD07F0010F233 /* ChatBubble.swift in Sources */ = {isa = PBXBuildFile; fileRef = 02A18DB92B0DD07F0010F233 /* ChatBubble.swift */; };
		02EE1E962B0C9842008812F2 /* ICQApp.swift in Sources */ = {isa = PBXBuildFile; fileRef = 02EE1E952B0C9842008812F2 /* ICQApp.swift */; };
		02EE1E982B0C9842008812F2 /* ContentView.swift in Sources */ = {isa = PBXBuildFile; fileRef = 02EE1E972B0C9842008812F2 /* ContentView.swift */; };
		02EE1E9A2B0C9843008812F2 /* Assets.xcassets in Resources */ = {isa = PBXBuildFile; fileRef = 02EE1E992B0C9843008812F2 /* Assets.xcassets */; };
		02EE1E9D2B0C9843008812F2 /* Preview Assets.xcassets in Resources */ = {isa = PBXBuildFile; fileRef = 02EE1E9C2B0C9843008812F2 /* Preview Assets.xcassets */; };
		02EE1EA42B0C9877008812F2 /* LoginView.swift in Sources */ = {isa = PBXBuildFile; fileRef = 02EE1EA32B0C9877008812F2 /* LoginView.swift */; };
		02EE1EAE2B0CB25F008812F2 /* AuthFieldModifier.swift in Sources */ = {isa = PBXBuildFile; fileRef = 02EE1EAD2B0CB25F008812F2 /* AuthFieldModifier.swift */; };
		02EE1EB32B0CBB9D008812F2 /* RegistrationView.swift in Sources */ = {isa = PBXBuildFile; fileRef = 02EE1EB22B0CBB9D008812F2 /* RegistrationView.swift */; };
		02EE1EB52B0CBCE9008812F2 /* AuthHeader.swift in Sources */ = {isa = PBXBuildFile; fileRef = 02EE1EB42B0CBCE9008812F2 /* AuthHeader.swift */; };
		02EE1EB82B0CC30C008812F2 /* MainTabView.swift in Sources */ = {isa = PBXBuildFile; fileRef = 02EE1EB72B0CC30C008812F2 /* MainTabView.swift */; };
		02EE1EBA2B0CC413008812F2 /* SettingsView.swift in Sources */ = {isa = PBXBuildFile; fileRef = 02EE1EB92B0CC413008812F2 /* SettingsView.swift */; };
		02EE1EBC2B0CC42D008812F2 /* ChannelsView.swift in Sources */ = {isa = PBXBuildFile; fileRef = 02EE1EBB2B0CC42D008812F2 /* ChannelsView.swift */; };
		02EE1EBE2B0CC437008812F2 /* ChatsView.swift in Sources */ = {isa = PBXBuildFile; fileRef = 02EE1EBD2B0CC437008812F2 /* ChatsView.swift */; };
		02EE1EC22B0CD5CE008812F2 /* AvatarView.swift in Sources */ = {isa = PBXBuildFile; fileRef = 02EE1EC12B0CD5CE008812F2 /* AvatarView.swift */; };
		02EE1EC42B0CD79D008812F2 /* SettingsHeaderView.swift in Sources */ = {isa = PBXBuildFile; fileRef = 02EE1EC32B0CD79D008812F2 /* SettingsHeaderView.swift */; };
		02EE1EC62B0CD8A0008812F2 /* SettingsCellViewModel.swift in Sources */ = {isa = PBXBuildFile; fileRef = 02EE1EC52B0CD8A0008812F2 /* SettingsCellViewModel.swift */; };
		02EE1EC82B0CD8DA008812F2 /* SettingsCell.swift in Sources */ = {isa = PBXBuildFile; fileRef = 02EE1EC72B0CD8DA008812F2 /* SettingsCell.swift */; };
		02EE1ECB2B0CE536008812F2 /* EditProfileView.swift in Sources */ = {isa = PBXBuildFile; fileRef = 02EE1ECA2B0CE536008812F2 /* EditProfileView.swift */; };
		02EE1ECD2B0CF063008812F2 /* StatusSelectorView.swift in Sources */ = {isa = PBXBuildFile; fileRef = 02EE1ECC2B0CF063008812F2 /* StatusSelectorView.swift */; };
		02EE1ECF2B0CF0D2008812F2 /* Status.swift in Sources */ = {isa = PBXBuildFile; fileRef = 02EE1ECE2B0CF0D2008812F2 /* Status.swift */; };
/* End PBXBuildFile section */

/* Begin PBXFileReference section */
		02A18DB12B0D89580010F233 /* ChatsCell.swift */ = {isa = PBXFileReference; lastKnownFileType = sourcecode.swift; path = ChatsCell.swift; sourceTree = "<group>"; };
		02A18DB32B0D8D940010F233 /* NewMessageView.swift */ = {isa = PBXFileReference; lastKnownFileType = sourcecode.swift; path = NewMessageView.swift; sourceTree = "<group>"; };
		02A18DB62B0DCC7C0010F233 /* ChatView.swift */ = {isa = PBXFileReference; lastKnownFileType = sourcecode.swift; path = ChatView.swift; sourceTree = "<group>"; };
		02A18DB92B0DD07F0010F233 /* ChatBubble.swift */ = {isa = PBXFileReference; lastKnownFileType = sourcecode.swift; path = ChatBubble.swift; sourceTree = "<group>"; };
		02EE1E922B0C9842008812F2 /* ICQ.app */ = {isa = PBXFileReference; explicitFileType = wrapper.application; includeInIndex = 0; path = ICQ.app; sourceTree = BUILT_PRODUCTS_DIR; };
		02EE1E952B0C9842008812F2 /* ICQApp.swift */ = {isa = PBXFileReference; lastKnownFileType = sourcecode.swift; path = ICQApp.swift; sourceTree = "<group>"; };
		02EE1E972B0C9842008812F2 /* ContentView.swift */ = {isa = PBXFileReference; lastKnownFileType = sourcecode.swift; path = ContentView.swift; sourceTree = "<group>"; };
		02EE1E992B0C9843008812F2 /* Assets.xcassets */ = {isa = PBXFileReference; lastKnownFileType = folder.assetcatalog; path = Assets.xcassets; sourceTree = "<group>"; };
		02EE1E9C2B0C9843008812F2 /* Preview Assets.xcassets */ = {isa = PBXFileReference; lastKnownFileType = folder.assetcatalog; path = "Preview Assets.xcassets"; sourceTree = "<group>"; };
		02EE1EA32B0C9877008812F2 /* LoginView.swift */ = {isa = PBXFileReference; lastKnownFileType = sourcecode.swift; path = LoginView.swift; sourceTree = "<group>"; };
		02EE1EA72B0CA2C8008812F2 /* README.md */ = {isa = PBXFileReference; lastKnownFileType = net.daringfireball.markdown; path = README.md; sourceTree = "<group>"; };
		02EE1EAD2B0CB25F008812F2 /* AuthFieldModifier.swift */ = {isa = PBXFileReference; lastKnownFileType = sourcecode.swift; path = AuthFieldModifier.swift; sourceTree = "<group>"; };
		02EE1EB22B0CBB9D008812F2 /* RegistrationView.swift */ = {isa = PBXFileReference; lastKnownFileType = sourcecode.swift; path = RegistrationView.swift; sourceTree = "<group>"; };
		02EE1EB42B0CBCE9008812F2 /* AuthHeader.swift */ = {isa = PBXFileReference; lastKnownFileType = sourcecode.swift; path = AuthHeader.swift; sourceTree = "<group>"; };
		02EE1EB72B0CC30C008812F2 /* MainTabView.swift */ = {isa = PBXFileReference; lastKnownFileType = sourcecode.swift; path = MainTabView.swift; sourceTree = "<group>"; };
		02EE1EB92B0CC413008812F2 /* SettingsView.swift */ = {isa = PBXFileReference; lastKnownFileType = sourcecode.swift; path = SettingsView.swift; sourceTree = "<group>"; };
		02EE1EBB2B0CC42D008812F2 /* ChannelsView.swift */ = {isa = PBXFileReference; lastKnownFileType = sourcecode.swift; path = ChannelsView.swift; sourceTree = "<group>"; };
		02EE1EBD2B0CC437008812F2 /* ChatsView.swift */ = {isa = PBXFileReference; lastKnownFileType = sourcecode.swift; path = ChatsView.swift; sourceTree = "<group>"; };
		02EE1EC12B0CD5CE008812F2 /* AvatarView.swift */ = {isa = PBXFileReference; lastKnownFileType = sourcecode.swift; path = AvatarView.swift; sourceTree = "<group>"; };
		02EE1EC32B0CD79D008812F2 /* SettingsHeaderView.swift */ = {isa = PBXFileReference; lastKnownFileType = sourcecode.swift; path = SettingsHeaderView.swift; sourceTree = "<group>"; };
		02EE1EC52B0CD8A0008812F2 /* SettingsCellViewModel.swift */ = {isa = PBXFileReference; lastKnownFileType = sourcecode.swift; path = SettingsCellViewModel.swift; sourceTree = "<group>"; };
		02EE1EC72B0CD8DA008812F2 /* SettingsCell.swift */ = {isa = PBXFileReference; lastKnownFileType = sourcecode.swift; path = SettingsCell.swift; sourceTree = "<group>"; };
		02EE1ECA2B0CE536008812F2 /* EditProfileView.swift */ = {isa = PBXFileReference; lastKnownFileType = sourcecode.swift; path = EditProfileView.swift; sourceTree = "<group>"; };
		02EE1ECC2B0CF063008812F2 /* StatusSelectorView.swift */ = {isa = PBXFileReference; lastKnownFileType = sourcecode.swift; path = StatusSelectorView.swift; sourceTree = "<group>"; };
		02EE1ECE2B0CF0D2008812F2 /* Status.swift */ = {isa = PBXFileReference; lastKnownFileType = sourcecode.swift; path = Status.swift; sourceTree = "<group>"; };
/* End PBXFileReference section */

/* Begin PBXFrameworksBuildPhase section */
		02EE1E8F2B0C9842008812F2 /* Frameworks */ = {
			isa = PBXFrameworksBuildPhase;
			buildActionMask = 2147483647;
			files = (
			);
			runOnlyForDeploymentPostprocessing = 0;
		};
/* End PBXFrameworksBuildPhase section */

/* Begin PBXGroup section */
		02A18DB52B0D8D9B0010F233 /* NewMessage */ = {
			isa = PBXGroup;
			children = (
				02A18DB32B0D8D940010F233 /* NewMessageView.swift */,
			);
			path = NewMessage;
			sourceTree = "<group>";
		};
		02A18DB82B0DCC840010F233 /* Chat */ = {
			isa = PBXGroup;
			children = (
				02A18DB62B0DCC7C0010F233 /* ChatView.swift */,
				02A18DB92B0DD07F0010F233 /* ChatBubble.swift */,
			);
			path = Chat;
			sourceTree = "<group>";
		};
		02EE1E892B0C9842008812F2 = {
			isa = PBXGroup;
			children = (
				02EE1EA72B0CA2C8008812F2 /* README.md */,
				02EE1EA82B0CA2DB008812F2 /* img */,
				02EE1E942B0C9842008812F2 /* ICQ */,
				02EE1E932B0C9842008812F2 /* Products */,
			);
			sourceTree = "<group>";
		};
		02EE1E932B0C9842008812F2 /* Products */ = {
			isa = PBXGroup;
			children = (
				02EE1E922B0C9842008812F2 /* ICQ.app */,
			);
			name = Products;
			sourceTree = "<group>";
		};
		02EE1E942B0C9842008812F2 /* ICQ */ = {
			isa = PBXGroup;
			children = (
				02EE1EB02B0CB971008812F2 /* App */,
				02EE1EAF2B0CB8ED008812F2 /* Modifiers */,
				02EE1EA62B0C9897008812F2 /* Views */,
				02EE1EB12B0CB97A008812F2 /* Supporting Files */,
			);
			path = ICQ;
			sourceTree = "<group>";
		};
		02EE1E9B2B0C9843008812F2 /* Preview Content */ = {
			isa = PBXGroup;
			children = (
				02EE1E9C2B0C9843008812F2 /* Preview Assets.xcassets */,
			);
			path = "Preview Content";
			sourceTree = "<group>";
		};
		02EE1EA52B0C988A008812F2 /* Auth */ = {
			isa = PBXGroup;
			children = (
				02EE1EA32B0C9877008812F2 /* LoginView.swift */,
				02EE1EB22B0CBB9D008812F2 /* RegistrationView.swift */,
				02EE1EB42B0CBCE9008812F2 /* AuthHeader.swift */,
			);
			path = Auth;
			sourceTree = "<group>";
		};
		02EE1EA62B0C9897008812F2 /* Views */ = {
			isa = PBXGroup;
			children = (
				02EE1EC92B0CE526008812F2 /* EditProfile */,
				02EE1EB62B0CC25C008812F2 /* Settings */,
				02EE1EA52B0C988A008812F2 /* Auth */,
				02EE1EBF2B0CC43D008812F2 /* Channels */,
				02EE1EC02B0CC44A008812F2 /* Chats */,
				02A18DB52B0D8D9B0010F233 /* NewMessage */,
				02A18DB82B0DCC840010F233 /* Chat */,
			);
			path = Views;
			sourceTree = "<group>";
		};
		02EE1EA82B0CA2DB008812F2 /* img */ = {
			isa = PBXGroup;
			children = (
			);
			path = img;
			sourceTree = "<group>";
		};
		02EE1EAF2B0CB8ED008812F2 /* Modifiers */ = {
			isa = PBXGroup;
			children = (
				02EE1EAD2B0CB25F008812F2 /* AuthFieldModifier.swift */,
			);
			path = Modifiers;
			sourceTree = "<group>";
		};
		02EE1EB02B0CB971008812F2 /* App */ = {
			isa = PBXGroup;
			children = (
				02EE1E952B0C9842008812F2 /* ICQApp.swift */,
				02EE1E972B0C9842008812F2 /* ContentView.swift */,
				02EE1EB72B0CC30C008812F2 /* MainTabView.swift */,
			);
			path = App;
			sourceTree = "<group>";
		};
		02EE1EB12B0CB97A008812F2 /* Supporting Files */ = {
			isa = PBXGroup;
			children = (
				02EE1E992B0C9843008812F2 /* Assets.xcassets */,
				02EE1E9B2B0C9843008812F2 /* Preview Content */,
			);
			name = "Supporting Files";
			sourceTree = "<group>";
		};
		02EE1EB62B0CC25C008812F2 /* Settings */ = {
			isa = PBXGroup;
			children = (
				02EE1EB92B0CC413008812F2 /* SettingsView.swift */,
				02EE1EC32B0CD79D008812F2 /* SettingsHeaderView.swift */,
				02EE1EC52B0CD8A0008812F2 /* SettingsCellViewModel.swift */,
				02EE1EC72B0CD8DA008812F2 /* SettingsCell.swift */,
				02EE1EC12B0CD5CE008812F2 /* AvatarView.swift */,
			);
			path = Settings;
			sourceTree = "<group>";
		};
		02EE1EBF2B0CC43D008812F2 /* Channels */ = {
			isa = PBXGroup;
			children = (
				02EE1EBB2B0CC42D008812F2 /* ChannelsView.swift */,
			);
			path = Channels;
			sourceTree = "<group>";
		};
		02EE1EC02B0CC44A008812F2 /* Chats */ = {
			isa = PBXGroup;
			children = (
				02EE1EBD2B0CC437008812F2 /* ChatsView.swift */,
				02A18DB12B0D89580010F233 /* ChatsCell.swift */,
			);
			path = Chats;
			sourceTree = "<group>";
		};
		02EE1EC92B0CE526008812F2 /* EditProfile */ = {
			isa = PBXGroup;
			children = (
				02EE1ECA2B0CE536008812F2 /* EditProfileView.swift */,
				02EE1ECC2B0CF063008812F2 /* StatusSelectorView.swift */,
				02EE1ECE2B0CF0D2008812F2 /* Status.swift */,
			);
			path = EditProfile;
			sourceTree = "<group>";
		};
/* End PBXGroup section */

/* Begin PBXNativeTarget section */
		02EE1E912B0C9842008812F2 /* ICQ */ = {
			isa = PBXNativeTarget;
			buildConfigurationList = 02EE1EA02B0C9843008812F2 /* Build configuration list for PBXNativeTarget "ICQ" */;
			buildPhases = (
				02EE1E8E2B0C9842008812F2 /* Sources */,
				02EE1E8F2B0C9842008812F2 /* Frameworks */,
				02EE1E902B0C9842008812F2 /* Resources */,
			);
			buildRules = (
			);
			dependencies = (
			);
			name = ICQ;
			productName = ICQ;
			productReference = 02EE1E922B0C9842008812F2 /* ICQ.app */;
			productType = "com.apple.product-type.application";
		};
/* End PBXNativeTarget section */

/* Begin PBXProject section */
		02EE1E8A2B0C9842008812F2 /* Project object */ = {
			isa = PBXProject;
			attributes = {
				BuildIndependentTargetsInParallel = 1;
				LastSwiftUpdateCheck = 1500;
				LastUpgradeCheck = 1500;
				TargetAttributes = {
					02EE1E912B0C9842008812F2 = {
						CreatedOnToolsVersion = 15.0.1;
					};
				};
			};
			buildConfigurationList = 02EE1E8D2B0C9842008812F2 /* Build configuration list for PBXProject "ICQ" */;
			compatibilityVersion = "Xcode 14.0";
			developmentRegion = en;
			hasScannedForEncodings = 0;
			knownRegions = (
				en,
				Base,
			);
			mainGroup = 02EE1E892B0C9842008812F2;
			productRefGroup = 02EE1E932B0C9842008812F2 /* Products */;
			projectDirPath = "";
			projectRoot = "";
			targets = (
				02EE1E912B0C9842008812F2 /* ICQ */,
			);
		};
/* End PBXProject section */

/* Begin PBXResourcesBuildPhase section */
		02EE1E902B0C9842008812F2 /* Resources */ = {
			isa = PBXResourcesBuildPhase;
			buildActionMask = 2147483647;
			files = (
				02EE1E9D2B0C9843008812F2 /* Preview Assets.xcassets in Resources */,
				02EE1E9A2B0C9843008812F2 /* Assets.xcassets in Resources */,
			);
			runOnlyForDeploymentPostprocessing = 0;
		};
/* End PBXResourcesBuildPhase section */

/* Begin PBXSourcesBuildPhase section */
		02EE1E8E2B0C9842008812F2 /* Sources */ = {
			isa = PBXSourcesBuildPhase;
			buildActionMask = 2147483647;
			files = (
				02EE1ECB2B0CE536008812F2 /* EditProfileView.swift in Sources */,
				02EE1EC82B0CD8DA008812F2 /* SettingsCell.swift in Sources */,
				02A18DB42B0D8D940010F233 /* NewMessageView.swift in Sources */,
				02EE1EC42B0CD79D008812F2 /* SettingsHeaderView.swift in Sources */,
				02EE1ECF2B0CF0D2008812F2 /* Status.swift in Sources */,
				02EE1ECD2B0CF063008812F2 /* StatusSelectorView.swift in Sources */,
				02EE1EA42B0C9877008812F2 /* LoginView.swift in Sources */,
				02EE1EC62B0CD8A0008812F2 /* SettingsCellViewModel.swift in Sources */,
				02EE1EBA2B0CC413008812F2 /* SettingsView.swift in Sources */,
				02EE1EBE2B0CC437008812F2 /* ChatsView.swift in Sources */,
				02EE1EBC2B0CC42D008812F2 /* ChannelsView.swift in Sources */,
				02EE1EC22B0CD5CE008812F2 /* AvatarView.swift in Sources */,
				02A18DB72B0DCC7C0010F233 /* ChatView.swift in Sources */,
				02A18DBA2B0DD07F0010F233 /* ChatBubble.swift in Sources */,
				02A18DB22B0D89580010F233 /* ChatsCell.swift in Sources */,
				02EE1EAE2B0CB25F008812F2 /* AuthFieldModifier.swift in Sources */,
				02EE1EB52B0CBCE9008812F2 /* AuthHeader.swift in Sources */,
				02EE1E982B0C9842008812F2 /* ContentView.swift in Sources */,
				02EE1EB82B0CC30C008812F2 /* MainTabView.swift in Sources */,
				02EE1E962B0C9842008812F2 /* ICQApp.swift in Sources */,
				02EE1EB32B0CBB9D008812F2 /* RegistrationView.swift in Sources */,
			);
			runOnlyForDeploymentPostprocessing = 0;
		};
/* End PBXSourcesBuildPhase section */

/* Begin XCBuildConfiguration section */
		02EE1E9E2B0C9843008812F2 /* Debug */ = {
			isa = XCBuildConfiguration;
			buildSettings = {
				ALWAYS_SEARCH_USER_PATHS = NO;
				ASSETCATALOG_COMPILER_GENERATE_SWIFT_ASSET_SYMBOL_EXTENSIONS = YES;
				CLANG_ANALYZER_NONNULL = YES;
				CLANG_ANALYZER_NUMBER_OBJECT_CONVERSION = YES_AGGRESSIVE;
				CLANG_CXX_LANGUAGE_STANDARD = "gnu++20";
				CLANG_ENABLE_MODULES = YES;
				CLANG_ENABLE_OBJC_ARC = YES;
				CLANG_ENABLE_OBJC_WEAK = YES;
				CLANG_WARN_BLOCK_CAPTURE_AUTORELEASING = YES;
				CLANG_WARN_BOOL_CONVERSION = YES;
				CLANG_WARN_COMMA = YES;
				CLANG_WARN_CONSTANT_CONVERSION = YES;
				CLANG_WARN_DEPRECATED_OBJC_IMPLEMENTATIONS = YES;
				CLANG_WARN_DIRECT_OBJC_ISA_USAGE = YES_ERROR;
				CLANG_WARN_DOCUMENTATION_COMMENTS = YES;
				CLANG_WARN_EMPTY_BODY = YES;
				CLANG_WARN_ENUM_CONVERSION = YES;
				CLANG_WARN_INFINITE_RECURSION = YES;
				CLANG_WARN_INT_CONVERSION = YES;
				CLANG_WARN_NON_LITERAL_NULL_CONVERSION = YES;
				CLANG_WARN_OBJC_IMPLICIT_RETAIN_SELF = YES;
				CLANG_WARN_OBJC_LITERAL_CONVERSION = YES;
				CLANG_WARN_OBJC_ROOT_CLASS = YES_ERROR;
				CLANG_WARN_QUOTED_INCLUDE_IN_FRAMEWORK_HEADER = YES;
				CLANG_WARN_RANGE_LOOP_ANALYSIS = YES;
				CLANG_WARN_STRICT_PROTOTYPES = YES;
				CLANG_WARN_SUSPICIOUS_MOVE = YES;
				CLANG_WARN_UNGUARDED_AVAILABILITY = YES_AGGRESSIVE;
				CLANG_WARN_UNREACHABLE_CODE = YES;
				CLANG_WARN__DUPLICATE_METHOD_MATCH = YES;
				COPY_PHASE_STRIP = NO;
				DEBUG_INFORMATION_FORMAT = dwarf;
				ENABLE_STRICT_OBJC_MSGSEND = YES;
				ENABLE_TESTABILITY = YES;
				ENABLE_USER_SCRIPT_SANDBOXING = YES;
				GCC_C_LANGUAGE_STANDARD = gnu17;
				GCC_DYNAMIC_NO_PIC = NO;
				GCC_NO_COMMON_BLOCKS = YES;
				GCC_OPTIMIZATION_LEVEL = 0;
				GCC_PREPROCESSOR_DEFINITIONS = (
					"DEBUG=1",
					"$(inherited)",
				);
				GCC_WARN_64_TO_32_BIT_CONVERSION = YES;
				GCC_WARN_ABOUT_RETURN_TYPE = YES_ERROR;
				GCC_WARN_UNDECLARED_SELECTOR = YES;
				GCC_WARN_UNINITIALIZED_AUTOS = YES_AGGRESSIVE;
				GCC_WARN_UNUSED_FUNCTION = YES;
				GCC_WARN_UNUSED_VARIABLE = YES;
				IPHONEOS_DEPLOYMENT_TARGET = 17.0;
				LOCALIZATION_PREFERS_STRING_CATALOGS = YES;
				MTL_ENABLE_DEBUG_INFO = INCLUDE_SOURCE;
				MTL_FAST_MATH = YES;
				ONLY_ACTIVE_ARCH = YES;
				SDKROOT = iphoneos;
				SWIFT_ACTIVE_COMPILATION_CONDITIONS = "DEBUG $(inherited)";
				SWIFT_OPTIMIZATION_LEVEL = "-Onone";
			};
			name = Debug;
		};
		02EE1E9F2B0C9843008812F2 /* Release */ = {
			isa = XCBuildConfiguration;
			buildSettings = {
				ALWAYS_SEARCH_USER_PATHS = NO;
				ASSETCATALOG_COMPILER_GENERATE_SWIFT_ASSET_SYMBOL_EXTENSIONS = YES;
				CLANG_ANALYZER_NONNULL = YES;
				CLANG_ANALYZER_NUMBER_OBJECT_CONVERSION = YES_AGGRESSIVE;
				CLANG_CXX_LANGUAGE_STANDARD = "gnu++20";
				CLANG_ENABLE_MODULES = YES;
				CLANG_ENABLE_OBJC_ARC = YES;
				CLANG_ENABLE_OBJC_WEAK = YES;
				CLANG_WARN_BLOCK_CAPTURE_AUTORELEASING = YES;
				CLANG_WARN_BOOL_CONVERSION = YES;
				CLANG_WARN_COMMA = YES;
				CLANG_WARN_CONSTANT_CONVERSION = YES;
				CLANG_WARN_DEPRECATED_OBJC_IMPLEMENTATIONS = YES;
				CLANG_WARN_DIRECT_OBJC_ISA_USAGE = YES_ERROR;
				CLANG_WARN_DOCUMENTATION_COMMENTS = YES;
				CLANG_WARN_EMPTY_BODY = YES;
				CLANG_WARN_ENUM_CONVERSION = YES;
				CLANG_WARN_INFINITE_RECURSION = YES;
				CLANG_WARN_INT_CONVERSION = YES;
				CLANG_WARN_NON_LITERAL_NULL_CONVERSION = YES;
				CLANG_WARN_OBJC_IMPLICIT_RETAIN_SELF = YES;
				CLANG_WARN_OBJC_LITERAL_CONVERSION = YES;
				CLANG_WARN_OBJC_ROOT_CLASS = YES_ERROR;
				CLANG_WARN_QUOTED_INCLUDE_IN_FRAMEWORK_HEADER = YES;
				CLANG_WARN_RANGE_LOOP_ANALYSIS = YES;
				CLANG_WARN_STRICT_PROTOTYPES = YES;
				CLANG_WARN_SUSPICIOUS_MOVE = YES;
				CLANG_WARN_UNGUARDED_AVAILABILITY = YES_AGGRESSIVE;
				CLANG_WARN_UNREACHABLE_CODE = YES;
				CLANG_WARN__DUPLICATE_METHOD_MATCH = YES;
				COPY_PHASE_STRIP = NO;
				DEBUG_INFORMATION_FORMAT = "dwarf-with-dsym";
				ENABLE_NS_ASSERTIONS = NO;
				ENABLE_STRICT_OBJC_MSGSEND = YES;
				ENABLE_USER_SCRIPT_SANDBOXING = YES;
				GCC_C_LANGUAGE_STANDARD = gnu17;
				GCC_NO_COMMON_BLOCKS = YES;
				GCC_WARN_64_TO_32_BIT_CONVERSION = YES;
				GCC_WARN_ABOUT_RETURN_TYPE = YES_ERROR;
				GCC_WARN_UNDECLARED_SELECTOR = YES;
				GCC_WARN_UNINITIALIZED_AUTOS = YES_AGGRESSIVE;
				GCC_WARN_UNUSED_FUNCTION = YES;
				GCC_WARN_UNUSED_VARIABLE = YES;
				IPHONEOS_DEPLOYMENT_TARGET = 17.0;
				LOCALIZATION_PREFERS_STRING_CATALOGS = YES;
				MTL_ENABLE_DEBUG_INFO = NO;
				MTL_FAST_MATH = YES;
				SDKROOT = iphoneos;
				SWIFT_COMPILATION_MODE = wholemodule;
				VALIDATE_PRODUCT = YES;
			};
			name = Release;
		};
		02EE1EA12B0C9843008812F2 /* Debug */ = {
			isa = XCBuildConfiguration;
			buildSettings = {
				ASSETCATALOG_COMPILER_APPICON_NAME = AppIcon;
				ASSETCATALOG_COMPILER_GLOBAL_ACCENT_COLOR_NAME = AccentColor;
				CODE_SIGN_STYLE = Automatic;
				CURRENT_PROJECT_VERSION = 1;
				DEVELOPMENT_ASSET_PATHS = "\"ICQ/Preview Content\"";
				DEVELOPMENT_TEAM = 723HTEFHBA;
				ENABLE_PREVIEWS = YES;
				GENERATE_INFOPLIST_FILE = YES;
				INFOPLIST_KEY_UIApplicationSceneManifest_Generation = YES;
				INFOPLIST_KEY_UIApplicationSupportsIndirectInputEvents = YES;
				INFOPLIST_KEY_UILaunchScreen_Generation = YES;
				INFOPLIST_KEY_UISupportedInterfaceOrientations_iPad = "UIInterfaceOrientationPortrait UIInterfaceOrientationPortraitUpsideDown UIInterfaceOrientationLandscapeLeft UIInterfaceOrientationLandscapeRight";
				INFOPLIST_KEY_UISupportedInterfaceOrientations_iPhone = "UIInterfaceOrientationPortrait UIInterfaceOrientationLandscapeLeft UIInterfaceOrientationLandscapeRight";
				LD_RUNPATH_SEARCH_PATHS = (
					"$(inherited)",
					"@executable_path/Frameworks",
				);
				MARKETING_VERSION = 1.0;
				PRODUCT_BUNDLE_IDENTIFIER = ru.fibeapp.ICQ;
				PRODUCT_NAME = "$(TARGET_NAME)";
				SWIFT_EMIT_LOC_STRINGS = YES;
				SWIFT_VERSION = 5.0;
				TARGETED_DEVICE_FAMILY = "1,2";
			};
			name = Debug;
		};
		02EE1EA22B0C9843008812F2 /* Release */ = {
			isa = XCBuildConfiguration;
			buildSettings = {
				ASSETCATALOG_COMPILER_APPICON_NAME = AppIcon;
				ASSETCATALOG_COMPILER_GLOBAL_ACCENT_COLOR_NAME = AccentColor;
				CODE_SIGN_STYLE = Automatic;
				CURRENT_PROJECT_VERSION = 1;
				DEVELOPMENT_ASSET_PATHS = "\"ICQ/Preview Content\"";
				DEVELOPMENT_TEAM = 723HTEFHBA;
				ENABLE_PREVIEWS = YES;
				GENERATE_INFOPLIST_FILE = YES;
				INFOPLIST_KEY_UIApplicationSceneManifest_Generation = YES;
				INFOPLIST_KEY_UIApplicationSupportsIndirectInputEvents = YES;
				INFOPLIST_KEY_UILaunchScreen_Generation = YES;
				INFOPLIST_KEY_UISupportedInterfaceOrientations_iPad = "UIInterfaceOrientationPortrait UIInterfaceOrientationPortraitUpsideDown UIInterfaceOrientationLandscapeLeft UIInterfaceOrientationLandscapeRight";
				INFOPLIST_KEY_UISupportedInterfaceOrientations_iPhone = "UIInterfaceOrientationPortrait UIInterfaceOrientationLandscapeLeft UIInterfaceOrientationLandscapeRight";
				LD_RUNPATH_SEARCH_PATHS = (
					"$(inherited)",
					"@executable_path/Frameworks",
				);
				MARKETING_VERSION = 1.0;
				PRODUCT_BUNDLE_IDENTIFIER = ru.fibeapp.ICQ;
				PRODUCT_NAME = "$(TARGET_NAME)";
				SWIFT_EMIT_LOC_STRINGS = YES;
				SWIFT_VERSION = 5.0;
				TARGETED_DEVICE_FAMILY = "1,2";
			};
			name = Release;
		};
/* End XCBuildConfiguration section */

/* Begin XCConfigurationList section */
		02EE1E8D2B0C9842008812F2 /* Build configuration list for PBXProject "ICQ" */ = {
			isa = XCConfigurationList;
			buildConfigurations = (
				02EE1E9E2B0C9843008812F2 /* Debug */,
				02EE1E9F2B0C9843008812F2 /* Release */,
			);
			defaultConfigurationIsVisible = 0;
			defaultConfigurationName = Release;
		};
		02EE1EA02B0C9843008812F2 /* Build configuration list for PBXNativeTarget "ICQ" */ = {
			isa = XCConfigurationList;
			buildConfigurations = (
				02EE1EA12B0C9843008812F2 /* Debug */,
				02EE1EA22B0C9843008812F2 /* Release */,
			);
			defaultConfigurationIsVisible = 0;
			defaultConfigurationName = Release;
		};
/* End XCConfigurationList section */
	};
	rootObject = 02EE1E8A2B0C9842008812F2 /* Project object */;
}
